Microsoft Visual Studio Solution File, Format Version 12.00
# Visual Studio Version 17
VisualStudioVersion = 17.5.33209.295
MinimumVisualStudioVersion = 10.0.40219.1
Project("{F184B08F-C81C-45F6-A57F-5ABD9991F28F}") = "Katala", "Katala.vbproj", "{69E97F85-5826-4410-8E7F-DD51D59B279A}"
EndProject
Global
	GlobalSection(SolutionConfigurationPlatforms) = preSolution
		Debug|Any CPU = Debug|Any CPU
		Release|Any CPU = Release|Any CPU
	EndGlobalSection
	GlobalSection(ProjectConfigurationPlatforms) = postSolution
		{69E97F85-5826-4410-8E7F-DD51D59B279A}.Debug|Any CPU.ActiveCfg = Debug|Any CPU
		{69E97F85-5826-4410-8E7F-DD51D59B279A}.Debug|Any CPU.Build.0 = Debug|Any CPU
		{69E97F85-5826-4410-8E7F-DD51D59B279A}.Release|Any CPU.ActiveCfg = Release|Any CPU
		{69E97F85-5826-4410-8E7F-DD51D59B279A}.Release|Any CPU.Build.0 = Release|Any CPU
	EndGlobalSection
	GlobalSection(SolutionProperties) = preSolution
		HideSolutionNode = FALSE
	EndGlobalSection
	GlobalSection(ExtensibilityGlobals) = postSolution
		SolutionGuid = {359001AE-974B-44E9-BD3D-15DB0D9A50A7}
	EndGlobalSection
EndGlobal
